
Microsoft Visual Studio Solution File, Format Version 12.00
# Visual Studio Version 16
VisualStudioVersion = 16.0.28701.123
MinimumVisualStudioVersion = 10.0.40219.1
Project("{FAE04EC0-301F-11D3-BF4B-00C04F79EFBC}") = "StringProcessing", "StringProcessing.csproj", "{2C4B3CBA-B115-4AB7-B666-3A8E419F2645}"
EndProject
Project("{9A19103F-16F7-4668-BE54-9A1E7A4F7556}") = "NUnitTestStringProcessing", "..\NUnitTestStringProcessing\NUnitTestStringProcessing.csproj", "{65999AD5-FBED-4B8D-872F-0C9D4107CAD2}"
EndProject
Global
	GlobalSection(SolutionConfigurationPlatforms) = preSolution
		Debug|Any CPU = Debug|Any CPU
		Release|Any CPU = Release|Any CPU
	EndGlobalSection
	GlobalSection(ProjectConfigurationPlatforms) = postSolution
		{2C4B3CBA-B115-4AB7-B666-3A8E419F2645}.Debug|Any CPU.ActiveCfg = Debug|Any CPU
		{2C4B3CBA-B115-4AB7-B666-3A8E419F2645}.Debug|Any CPU.Build.0 = Debug|Any CPU
		{2C4B3CBA-B115-4AB7-B666-3A8E419F2645}.Release|Any CPU.ActiveCfg = Release|Any CPU
		{2C4B3CBA-B115-4AB7-B666-3A8E419F2645}.Release|Any CPU.Build.0 = Release|Any CPU
		{65999AD5-FBED-4B8D-872F-0C9D4107CAD2}.Debug|Any CPU.ActiveCfg = Debug|Any CPU
		{65999AD5-FBED-4B8D-872F-0C9D4107CAD2}.Debug|Any CPU.Build.0 = Debug|Any CPU
		{65999AD5-FBED-4B8D-872F-0C9D4107CAD2}.Release|Any CPU.ActiveCfg = Release|Any CPU
		{65999AD5-FBED-4B8D-872F-0C9D4107CAD2}.Release|Any CPU.Build.0 = Release|Any CPU
	EndGlobalSection
	GlobalSection(SolutionProperties) = preSolution
		HideSolutionNode = FALSE
	EndGlobalSection
	GlobalSection(ExtensibilityGlobals) = postSolution
		SolutionGuid = {7A817256-D373-4004-8685-B3C75E2BCAF0}
	EndGlobalSection
EndGlobal
